
Microsoft Visual Studio Solution File, Format Version 12.00
# Visual Studio 2013
VisualStudioVersion = 12.0.30110.0
MinimumVisualStudioVersion = 10.0.40219.1
Project("{FAE04EC0-301F-11D3-BF4B-00C04F79EFBC}") = "ObservaTerra.Backend.Core", "ObservaTerra.Backend.Core\ObservaTerra.Backend.Core.csproj", "{4B1A5082-DE55-48FB-A52F-D187844BA549}"
EndProject
Project("{FAE04EC0-301F-11D3-BF4B-00C04F79EFBC}") = "ObservaTerra.Backend.AccessCore", "ObservaTerra.Backend.AccessCore\ObservaTerra.Backend.AccessCore.csproj", "{513FAAE8-8109-4867-BDB6-FE99BFC01A6B}"
EndProject
Project("{FAE04EC0-301F-11D3-BF4B-00C04F79EFBC}") = "ObservaTerra.Backend.PersistenceManagement", "ObservaTerra.BackEnd.PersistenceManagement\ObservaTerra.Backend.PersistenceManagement.csproj", "{72C6BB91-7E19-4F56-8D51-DC4F83A478A4}"
EndProject
Project("{FAE04EC0-301F-11D3-BF4B-00C04F79EFBC}") = "ObservaTerra.Backend.DataQuery", "ObservaTerra.Backend.DataQuery\ObservaTerra.Backend.DataQuery.csproj", "{0AD9CD41-89E3-4336-80B8-792A0BF636B5}"
EndProject
Project("{FAE04EC0-301F-11D3-BF4B-00C04F79EFBC}") = "ObservaTerra.Backend.DataCommand", "ObservaTerra.Backend.DataCommand\ObservaTerra.Backend.DataCommand.csproj", "{BEC112C2-83E3-45B3-A9CF-04B033CA8ED7}"
EndProject
Project("{2150E333-8FDC-42A3-9474-1A3956D46DE8}") = "Solution Items", "Solution Items", "{3D274BA5-1B4F-4A73-B030-9BE1F2E479F7}"
	ProjectSection(SolutionItems) = preProject
		TODO.txt = TODO.txt
	EndProjectSection
EndProject
Project("{FAE04EC0-301F-11D3-BF4B-00C04F79EFBC}") = "ObservaTerra.Backend.HumanData", "ObservaTerra.Backend.HumanData\ObservaTerra.Backend.HumanData.csproj", "{83A2D38B-929C-4FA4-A0FE-FF0C73566540}"
EndProject
Project("{FAE04EC0-301F-11D3-BF4B-00C04F79EFBC}") = "ObservaTerra.SessionManager.Persistence", "ObservaTerra.SessionManager.Persistence\ObservaTerra.SessionManager.Persistence.csproj", "{1ECFA83F-6AC5-490E-9894-28F8BF45D376}"
EndProject
Project("{FAE04EC0-301F-11D3-BF4B-00C04F79EFBC}") = "BDDTests.Spec", "BDDTests.Spec\BDDTests.Spec.csproj", "{DAA754A5-0C8F-4553-B41E-41197ED734BD}"
EndProject
Project("{2150E333-8FDC-42A3-9474-1A3956D46DE8}") = ".nuget", ".nuget", "{B99BAA09-8136-4174-AFBD-0E6DFA1FEE78}"
	ProjectSection(SolutionItems) = preProject
		.nuget\packages.config = .nuget\packages.config
	EndProjectSection
EndProject
Project("{FAE04EC0-301F-11D3-BF4B-00C04F79EFBC}") = "ObservaTerra.DomainModel", "ObservaTerra.DomainModel\ObservaTerra.DomainModel.csproj", "{CA51C811-2C11-474C-8187-B2CEF5F5327E}"
EndProject
Project("{FAE04EC0-301F-11D3-BF4B-00C04F79EFBC}") = "ObservaTerra.Backend.WebService", "ObservaTerra.Backend.WebService\ObservaTerra.Backend.WebService.csproj", "{3DB31A82-7FB5-43D5-A341-54EBE5474EEC}"
EndProject
Project("{FAE04EC0-301F-11D3-BF4B-00C04F79EFBC}") = "ObservaTerraWeb", "..\..\Web\ObservaTerraWeb\ObservaTerraWeb\ObservaTerraWeb.csproj", "{F3B3E21F-AB09-4793-9467-0A497FA3593F}"
EndProject
Project("{FAE04EC0-301F-11D3-BF4B-00C04F79EFBC}") = "ObservaTerraWeb.Tests", "..\..\Web\ObservaTerraWeb\ObservaTerraWeb.Tests\ObservaTerraWeb.Tests.csproj", "{1F9977B1-35E6-4D5A-B698-071DADC55BAC}"
EndProject
Global
	GlobalSection(SolutionConfigurationPlatforms) = preSolution
		Debug|Any CPU = Debug|Any CPU
		Release|Any CPU = Release|Any CPU
	EndGlobalSection
	GlobalSection(ProjectConfigurationPlatforms) = postSolution
		{4B1A5082-DE55-48FB-A52F-D187844BA549}.Debug|Any CPU.ActiveCfg = Debug|Any CPU
		{4B1A5082-DE55-48FB-A52F-D187844BA549}.Debug|Any CPU.Build.0 = Debug|Any CPU
		{4B1A5082-DE55-48FB-A52F-D187844BA549}.Release|Any CPU.ActiveCfg = Release|Any CPU
		{4B1A5082-DE55-48FB-A52F-D187844BA549}.Release|Any CPU.Build.0 = Release|Any CPU
		{513FAAE8-8109-4867-BDB6-FE99BFC01A6B}.Debug|Any CPU.ActiveCfg = Debug|Any CPU
		{513FAAE8-8109-4867-BDB6-FE99BFC01A6B}.Debug|Any CPU.Build.0 = Debug|Any CPU
		{513FAAE8-8109-4867-BDB6-FE99BFC01A6B}.Release|Any CPU.ActiveCfg = Release|Any CPU
		{513FAAE8-8109-4867-BDB6-FE99BFC01A6B}.Release|Any CPU.Build.0 = Release|Any CPU
		{72C6BB91-7E19-4F56-8D51-DC4F83A478A4}.Debug|Any CPU.ActiveCfg = Debug|Any CPU
		{72C6BB91-7E19-4F56-8D51-DC4F83A478A4}.Debug|Any CPU.Build.0 = Debug|Any CPU
		{72C6BB91-7E19-4F56-8D51-DC4F83A478A4}.Release|Any CPU.ActiveCfg = Release|Any CPU
		{72C6BB91-7E19-4F56-8D51-DC4F83A478A4}.Release|Any CPU.Build.0 = Release|Any CPU
		{0AD9CD41-89E3-4336-80B8-792A0BF636B5}.Debug|Any CPU.ActiveCfg = Debug|Any CPU
		{0AD9CD41-89E3-4336-80B8-792A0BF636B5}.Debug|Any CPU.Build.0 = Debug|Any CPU
		{0AD9CD41-89E3-4336-80B8-792A0BF636B5}.Release|Any CPU.ActiveCfg = Release|Any CPU
		{0AD9CD41-89E3-4336-80B8-792A0BF636B5}.Release|Any CPU.Build.0 = Release|Any CPU
		{BEC112C2-83E3-45B3-A9CF-04B033CA8ED7}.Debug|Any CPU.ActiveCfg = Debug|Any CPU
		{BEC112C2-83E3-45B3-A9CF-04B033CA8ED7}.Debug|Any CPU.Build.0 = Debug|Any CPU
		{BEC112C2-83E3-45B3-A9CF-04B033CA8ED7}.Release|Any CPU.ActiveCfg = Release|Any CPU
		{BEC112C2-83E3-45B3-A9CF-04B033CA8ED7}.Release|Any CPU.Build.0 = Release|Any CPU
		{83A2D38B-929C-4FA4-A0FE-FF0C73566540}.Debug|Any CPU.ActiveCfg = Debug|Any CPU
		{83A2D38B-929C-4FA4-A0FE-FF0C73566540}.Debug|Any CPU.Build.0 = Debug|Any CPU
		{83A2D38B-929C-4FA4-A0FE-FF0C73566540}.Release|Any CPU.ActiveCfg = Release|Any CPU
		{83A2D38B-929C-4FA4-A0FE-FF0C73566540}.Release|Any CPU.Build.0 = Release|Any CPU
		{1ECFA83F-6AC5-490E-9894-28F8BF45D376}.Debug|Any CPU.ActiveCfg = Debug|Any CPU
		{1ECFA83F-6AC5-490E-9894-28F8BF45D376}.Debug|Any CPU.Build.0 = Debug|Any CPU
		{1ECFA83F-6AC5-490E-9894-28F8BF45D376}.Release|Any CPU.ActiveCfg = Release|Any CPU
		{1ECFA83F-6AC5-490E-9894-28F8BF45D376}.Release|Any CPU.Build.0 = Release|Any CPU
		{DAA754A5-0C8F-4553-B41E-41197ED734BD}.Debug|Any CPU.ActiveCfg = Debug|Any CPU
		{DAA754A5-0C8F-4553-B41E-41197ED734BD}.Debug|Any CPU.Build.0 = Debug|Any CPU
		{DAA754A5-0C8F-4553-B41E-41197ED734BD}.Release|Any CPU.ActiveCfg = Release|Any CPU
		{DAA754A5-0C8F-4553-B41E-41197ED734BD}.Release|Any CPU.Build.0 = Release|Any CPU
		{CA51C811-2C11-474C-8187-B2CEF5F5327E}.Debug|Any CPU.ActiveCfg = Debug|Any CPU
		{CA51C811-2C11-474C-8187-B2CEF5F5327E}.Debug|Any CPU.Build.0 = Debug|Any CPU
		{CA51C811-2C11-474C-8187-B2CEF5F5327E}.Release|Any CPU.ActiveCfg = Release|Any CPU
		{CA51C811-2C11-474C-8187-B2CEF5F5327E}.Release|Any CPU.Build.0 = Release|Any CPU
		{3DB31A82-7FB5-43D5-A341-54EBE5474EEC}.Debug|Any CPU.ActiveCfg = Debug|Any CPU
		{3DB31A82-7FB5-43D5-A341-54EBE5474EEC}.Debug|Any CPU.Build.0 = Debug|Any CPU
		{3DB31A82-7FB5-43D5-A341-54EBE5474EEC}.Release|Any CPU.ActiveCfg = Release|Any CPU
		{3DB31A82-7FB5-43D5-A341-54EBE5474EEC}.Release|Any CPU.Build.0 = Release|Any CPU
		{F3B3E21F-AB09-4793-9467-0A497FA3593F}.Debug|Any CPU.ActiveCfg = Debug|Any CPU
		{F3B3E21F-AB09-4793-9467-0A497FA3593F}.Debug|Any CPU.Build.0 = Debug|Any CPU
		{F3B3E21F-AB09-4793-9467-0A497FA3593F}.Release|Any CPU.ActiveCfg = Release|Any CPU
		{F3B3E21F-AB09-4793-9467-0A497FA3593F}.Release|Any CPU.Build.0 = Release|Any CPU
		{1F9977B1-35E6-4D5A-B698-071DADC55BAC}.Debug|Any CPU.ActiveCfg = Debug|Any CPU
		{1F9977B1-35E6-4D5A-B698-071DADC55BAC}.Debug|Any CPU.Build.0 = Debug|Any CPU
		{1F9977B1-35E6-4D5A-B698-071DADC55BAC}.Release|Any CPU.ActiveCfg = Release|Any CPU
		{1F9977B1-35E6-4D5A-B698-071DADC55BAC}.Release|Any CPU.Build.0 = Release|Any CPU
	EndGlobalSection
	GlobalSection(SolutionProperties) = preSolution
		HideSolutionNode = FALSE
	EndGlobalSection
EndGlobal
